{
  "name": "vscode-code-review",
  "version": "0.0.1",
  "lockfileVersion": 3,
  "requires": true,
  "packages": {
    "": {
      "name": "vscode-code-review",
      "version": "0.0.1",
      "license": "MIT",
      "dependencies": {
        "@ai-sdk/anthropic": "2.0.56",
        "@ai-sdk/google": "2.0.51",
        "@ai-sdk/openai": "2.0.88",
        "ai": "5.0.116",
        "marked": "^17.0.1",
        "zod": "^4.2.1"
      },
      "devDependencies": {
        "@types/node": "^20.17.0",
        "@types/vscode": "^1.85.0",
        "prettier": "^3.6.2",
        "typescript": "^5.9.3"
      },
      "engines": {
        "vscode": "^1.85.0"
      }
    },
    "node_modules/@ai-sdk/anthropic": {
      "version": "2.0.56",
      "resolved": "https://registry.npmjs.org/@ai-sdk/anthropic/-/anthropic-2.0.56.tgz",
      "integrity": "sha512-XHJKu0Yvfu9SPzRfsAFESa+9T7f2YJY6TxykKMfRsAwpeWAiX/Gbx5J5uM15AzYC3Rw8tVP3oH+j7jEivENirQ==",
      "license": "Apache-2.0",
      "dependencies": {
        "@ai-sdk/provider": "2.0.0",
        "@ai-sdk/provider-utils": "3.0.19"
      },
      "engines": {
        "node": ">=18"
      },
      "peerDependencies": {
        "zod": "^3.25.76 || ^4.1.8"
      }
    },
    "node_modules/@ai-sdk/gateway": {
      "version": "2.0.23",
      "resolved": "https://registry.npmjs.org/@ai-sdk/gateway/-/gateway-2.0.23.tgz",
      "integrity": "sha512-qmX7afPRszUqG5hryHF3UN8ITPIRSGmDW6VYCmByzjoUkgm3MekzSx2hMV1wr0P+llDeuXb378SjqUfpvWJulg==",
      "license": "Apache-2.0",
      "dependencies": {
        "@ai-sdk/provider": "2.0.0",
        "@ai-sdk/provider-utils": "3.0.19",
        "@vercel/oidc": "3.0.5"
      },
      "engines": {
        "node": ">=18"
      },
      "peerDependencies": {
        "zod": "^3.25.76 || ^4.1.8"
      }
    },
    "node_modules/@ai-sdk/google": {
      "version": "2.0.51",
      "resolved": "https://registry.npmjs.org/@ai-sdk/google/-/google-2.0.51.tgz",
      "integrity": "sha512-5VMHdZTP4th00hthmh98jP+BZmxiTRMB9R2qh/AuF6OkQeiJikqxZg3hrWDfYrCmQ12wDjy6CbIypnhlwZiYrg==",
      "license": "Apache-2.0",
      "dependencies": {
        "@ai-sdk/provider": "2.0.0",
        "@ai-sdk/provider-utils": "3.0.19"
      },
      "engines": {
        "node": ">=18"
      },
      "peerDependencies": {
        "zod": "^3.25.76 || ^4.1.8"
      }
    },
    "node_modules/@ai-sdk/openai": {
      "version": "2.0.88",
      "resolved": "https://registry.npmjs.org/@ai-sdk/openai/-/openai-2.0.88.tgz",
      "integrity": "sha512-LlOf83haeZIiRUH1Zw1oEmqUfw5y54227CvndFoBpIkMJwQDGAB3VARUeOJ6iwAWDJjXSz06GdnEnhRU67Yatw==",
      "license": "Apache-2.0",
      "dependencies": {
        "@ai-sdk/provider": "2.0.0",
        "@ai-sdk/provider-utils": "3.0.19"
      },
      "engines": {
        "node": ">=18"
      },
      "peerDependencies": {
        "zod": "^3.25.76 || ^4.1.8"
      }
    },
    "node_modules/@ai-sdk/provider": {
      "version": "2.0.0",
      "resolved": "https://registry.npmjs.org/@ai-sdk/provider/-/provider-2.0.0.tgz",
      "integrity": "sha512-6o7Y2SeO9vFKB8lArHXehNuusnpddKPk7xqL7T2/b+OvXMRIXUO1rR4wcv1hAFUAT9avGZshty3Wlua/XA7TvA==",
      "license": "Apache-2.0",
      "dependencies": {
        "json-schema": "^0.4.0"
      },
      "engines": {
        "node": ">=18"
      }
    },
    "node_modules/@ai-sdk/provider-utils": {
      "version": "3.0.19",
      "resolved": "https://registry.npmjs.org/@ai-sdk/provider-utils/-/provider-utils-3.0.19.tgz",
      "integrity": "sha512-W41Wc9/jbUVXVwCN/7bWa4IKe8MtxO3EyA0Hfhx6grnmiYlCvpI8neSYWFE0zScXJkgA/YK3BRybzgyiXuu6JA==",
      "license": "Apache-2.0",
      "dependencies": {
        "@ai-sdk/provider": "2.0.0",
        "@standard-schema/spec": "^1.0.0",
        "eventsource-parser": "^3.0.6"
      },
      "engines": {
        "node": ">=18"
      },
      "peerDependencies": {
        "zod": "^3.25.76 || ^4.1.8"
      }
    },
    "node_modules/@opentelemetry/api": {
      "version": "1.9.0",
      "resolved": "https://registry.npmjs.org/@opentelemetry/api/-/api-1.9.0.tgz",
      "integrity": "sha512-3giAOQvZiH5F9bMlMiv8+GSPMeqg0dbaeo58/0SlA9sxSqZhnUtxzX9/2FzyhS9sWQf5S0GJE0AKBrFqjpeYcg==",
      "license": "Apache-2.0",
      "engines": {
        "node": ">=8.0.0"
      }
    },
    "node_modules/@standard-schema/spec": {
      "version": "1.1.0",
      "resolved": "https://registry.npmjs.org/@standard-schema/spec/-/spec-1.1.0.tgz",
      "integrity": "sha512-l2aFy5jALhniG5HgqrD6jXLi/rUWrKvqN/qJx6yoJsgKhblVd+iqqU4RCXavm/jPityDo5TCvKMnpjKnOriy0w==",
      "license": "MIT"
    },
    "node_modules/@types/node": {
      "version": "20.19.27",
      "resolved": "https://registry.npmjs.org/@types/node/-/node-20.19.27.tgz",
      "integrity": "sha512-N2clP5pJhB2YnZJ3PIHFk5RkygRX5WO/5f0WC08tp0wd+sv0rsJk3MqWn3CbNmT2J505a5336jaQj4ph1AdMug==",
      "dev": true,
      "license": "MIT",
      "dependencies": {
        "undici-types": "~6.21.0"
      }
    },
    "node_modules/@types/vscode": {
      "version": "1.107.0",
      "resolved": "https://registry.npmjs.org/@types/vscode/-/vscode-1.107.0.tgz",
      "integrity": "sha512-XS8YE1jlyTIowP64+HoN30OlC1H9xqSlq1eoLZUgFEC8oUTO6euYZxti1xRiLSfZocs4qytTzR6xCBYtioQTCg==",
      "dev": true,
      "license": "MIT"
    },
    "node_modules/@vercel/oidc": {
      "version": "3.0.5",
      "resolved": "https://registry.npmjs.org/@vercel/oidc/-/oidc-3.0.5.tgz",
      "integrity": "sha512-fnYhv671l+eTTp48gB4zEsTW/YtRgRPnkI2nT7x6qw5rkI1Lq2hTmQIpHPgyThI0znLK+vX2n9XxKdXZ7BUbbw==",
      "license": "Apache-2.0",
      "engines": {
        "node": ">= 20"
      }
    },
    "node_modules/ai": {
      "version": "5.0.116",
      "resolved": "https://registry.npmjs.org/ai/-/ai-5.0.116.tgz",
      "integrity": "sha512-+2hYJ80/NcDWuv9K2/MLP3cTCFgwWHmHlS1tOpFUKKcmLbErAAlE/S2knsKboc3PNAu8pQkDr2N3K/Vle7ENgQ==",
      "license": "Apache-2.0",
      "dependencies": {
        "@ai-sdk/gateway": "2.0.23",
        "@ai-sdk/provider": "2.0.0",
        "@ai-sdk/provider-utils": "3.0.19",
        "@opentelemetry/api": "1.9.0"
      },
      "engines": {
        "node": ">=18"
      },
      "peerDependencies": {
        "zod": "^3.25.76 || ^4.1.8"
      }
    },
    "node_modules/eventsource-parser": {
      "version": "3.0.6",
      "resolved": "https://registry.npmjs.org/eventsource-parser/-/eventsource-parser-3.0.6.tgz",
      "integrity": "sha512-Vo1ab+QXPzZ4tCa8SwIHJFaSzy4R6SHf7BY79rFBDf0idraZWAkYrDjDj8uWaSm3S2TK+hJ7/t1CEmZ7jXw+pg==",
      "license": "MIT",
      "engines": {
        "node": ">=18.0.0"
      }
    },
    "node_modules/json-schema": {
      "version": "0.4.0",
      "resolved": "https://registry.npmjs.org/json-schema/-/json-schema-0.4.0.tgz",
      "integrity": "sha512-es94M3nTIfsEPisRafak+HDLfHXnKBhV3vU5eqPcS3flIWqcxJWgXHXiey3YrpaNsanY5ei1VoYEbOzijuq9BA==",
      "license": "(AFL-2.1 OR BSD-3-Clause)"
    },
    "node_modules/marked": {
      "version": "17.0.1",
      "resolved": "https://registry.npmjs.org/marked/-/marked-17.0.1.tgz",
      "integrity": "sha512-boeBdiS0ghpWcSwoNm/jJBwdpFaMnZWRzjA6SkUMYb40SVaN1x7mmfGKp0jvexGcx+7y2La5zRZsYFZI6Qpypg==",
      "license": "MIT",
      "bin": {
        "marked": "bin/marked.js"
      },
      "engines": {
        "node": ">= 20"
      }
    },
    "node_modules/prettier": {
      "version": "3.7.4",
      "resolved": "https://registry.npmjs.org/prettier/-/prettier-3.7.4.tgz",
      "integrity": "sha512-v6UNi1+3hSlVvv8fSaoUbggEM5VErKmmpGA7Pl3HF8V6uKY7rvClBOJlH6yNwQtfTueNkGVpOv/mtWL9L4bgRA==",
      "dev": true,
      "license": "MIT",
      "bin": {
        "prettier": "bin/prettier.cjs"
      },
      "engines": {
        "node": ">=14"
      },
      "funding": {
        "url": "https://github.com/prettier/prettier?sponsor=1"
      }
    },
    "node_modules/typescript": {
      "version": "5.9.3",
      "resolved": "https://registry.npmjs.org/typescript/-/typescript-5.9.3.tgz",
      "integrity": "sha512-jl1vZzPDinLr9eUt3J/t7V6FgNEw9QjvBPdysz9KfQDD41fQrC2Y4vKQdiaUpFT4bXlb1RHhLpp8wtm6M5TgSw==",
      "dev": true,
      "license": "Apache-2.0",
      "bin": {
        "tsc": "bin/tsc",
        "tsserver": "bin/tsserver"
      },
      "engines": {
        "node": ">=14.17"
      }
    },
    "node_modules/undici-types": {
      "version": "6.21.0",
      "resolved": "https://registry.npmjs.org/undici-types/-/undici-types-6.21.0.tgz",
      "integrity": "sha512-iwDZqg0QAGrg9Rav5H4n0M64c3mkR59cJ6wQp+7C4nI0gsmExaedaYLNO44eT4AtBBwjbTiGPMlt2Md0T9H9JQ==",
      "dev": true,
      "license": "MIT"
    },
    "node_modules/zod": {
      "version": "4.2.1",
      "resolved": "https://registry.npmjs.org/zod/-/zod-4.2.1.tgz",
      "integrity": "sha512-0wZ1IRqGGhMP76gLqz8EyfBXKk0J2qo2+H3fi4mcUP/KtTocoX08nmIAHl1Z2kJIZbZee8KOpBCSNPRgauucjw==",
      "license": "MIT",
      "funding": {
        "url": "https://github.com/sponsors/colinhacks"
      }
    }
  }
}
